
Microsoft Visual Studio Solution File, Format Version 12.00
# Visual Studio 15
VisualStudioVersion = 15.0.28307.489
MinimumVisualStudioVersion = 10.0.40219.1
Project("{FAE04EC0-301F-11D3-BF4B-00C04F79EFBC}") = "WpfApp", "WpfApp\WpfApp.csproj", "{A77B1FBD-76BC-422A-BE00-03E4704081D0}"
EndProject
Project("{FAE04EC0-301F-11D3-BF4B-00C04F79EFBC}") = "Models", "Model\Models.csproj", "{73D1CEA3-3AB0-49AF-969B-484CED973208}"
EndProject
Project("{FAE04EC0-301F-11D3-BF4B-00C04F79EFBC}") = "Controllers", "Controllers\Controllers.csproj", "{0359CA5C-A9B7-48A0-A0BB-5DA6BF87DBA2}"
EndProject
Project("{FAE04EC0-301F-11D3-BF4B-00C04F79EFBC}") = "Messengers", "Messengers\Messengers.csproj", "{654E1437-3C2B-49B6-9A95-70349F959A29}"
EndProject
Project("{FAE04EC0-301F-11D3-BF4B-00C04F79EFBC}") = "Services", "Services\Services.csproj", "{D5040C48-B3E6-4CEC-8335-40CF4614C5DF}"
EndProject
Project("{FAE04EC0-301F-11D3-BF4B-00C04F79EFBC}") = "ViewModels", "ViewModels\ViewModels.csproj", "{DD8BD5B1-5120-4C8B-9768-0A41F77FE113}"
EndProject
Project("{FAE04EC0-301F-11D3-BF4B-00C04F79EFBC}") = "Views", "Views\Views.csproj", "{2E11EBC9-BED1-47E9-9491-BF4E04920132}"
EndProject
Project("{FAE04EC0-301F-11D3-BF4B-00C04F79EFBC}") = "MiningManager", "MiningManager\MiningManager.csproj", "{DB6A19DF-7734-4895-AF82-EB84C08E2321}"
EndProject
Project("{FAE04EC0-301F-11D3-BF4B-00C04F79EFBC}") = "BaseClasses", "BaseClasses\BaseClasses.csproj", "{C1CB36DB-6776-4E14-8179-FF14A8608961}"
EndProject
Global
	GlobalSection(SolutionConfigurationPlatforms) = preSolution
		Debug|Any CPU = Debug|Any CPU
		Release|Any CPU = Release|Any CPU
	EndGlobalSection
	GlobalSection(ProjectConfigurationPlatforms) = postSolution
		{A77B1FBD-76BC-422A-BE00-03E4704081D0}.Debug|Any CPU.ActiveCfg = Debug|Any CPU
		{A77B1FBD-76BC-422A-BE00-03E4704081D0}.Debug|Any CPU.Build.0 = Debug|Any CPU
		{A77B1FBD-76BC-422A-BE00-03E4704081D0}.Release|Any CPU.ActiveCfg = Release|Any CPU
		{A77B1FBD-76BC-422A-BE00-03E4704081D0}.Release|Any CPU.Build.0 = Release|Any CPU
		{73D1CEA3-3AB0-49AF-969B-484CED973208}.Debug|Any CPU.ActiveCfg = Debug|Any CPU
		{73D1CEA3-3AB0-49AF-969B-484CED973208}.Debug|Any CPU.Build.0 = Debug|Any CPU
		{73D1CEA3-3AB0-49AF-969B-484CED973208}.Release|Any CPU.ActiveCfg = Release|Any CPU
		{73D1CEA3-3AB0-49AF-969B-484CED973208}.Release|Any CPU.Build.0 = Release|Any CPU
		{0359CA5C-A9B7-48A0-A0BB-5DA6BF87DBA2}.Debug|Any CPU.ActiveCfg = Debug|Any CPU
		{0359CA5C-A9B7-48A0-A0BB-5DA6BF87DBA2}.Debug|Any CPU.Build.0 = Debug|Any CPU
		{0359CA5C-A9B7-48A0-A0BB-5DA6BF87DBA2}.Release|Any CPU.ActiveCfg = Release|Any CPU
		{0359CA5C-A9B7-48A0-A0BB-5DA6BF87DBA2}.Release|Any CPU.Build.0 = Release|Any CPU
		{654E1437-3C2B-49B6-9A95-70349F959A29}.Debug|Any CPU.ActiveCfg = Debug|Any CPU
		{654E1437-3C2B-49B6-9A95-70349F959A29}.Debug|Any CPU.Build.0 = Debug|Any CPU
		{654E1437-3C2B-49B6-9A95-70349F959A29}.Release|Any CPU.ActiveCfg = Release|Any CPU
		{654E1437-3C2B-49B6-9A95-70349F959A29}.Release|Any CPU.Build.0 = Release|Any CPU
		{D5040C48-B3E6-4CEC-8335-40CF4614C5DF}.Debug|Any CPU.ActiveCfg = Debug|Any CPU
		{D5040C48-B3E6-4CEC-8335-40CF4614C5DF}.Debug|Any CPU.Build.0 = Debug|Any CPU
		{D5040C48-B3E6-4CEC-8335-40CF4614C5DF}.Release|Any CPU.ActiveCfg = Release|Any CPU
		{D5040C48-B3E6-4CEC-8335-40CF4614C5DF}.Release|Any CPU.Build.0 = Release|Any CPU
		{DD8BD5B1-5120-4C8B-9768-0A41F77FE113}.Debug|Any CPU.ActiveCfg = Debug|Any CPU
		{DD8BD5B1-5120-4C8B-9768-0A41F77FE113}.Debug|Any CPU.Build.0 = Debug|Any CPU
		{DD8BD5B1-5120-4C8B-9768-0A41F77FE113}.Release|Any CPU.ActiveCfg = Release|Any CPU
		{DD8BD5B1-5120-4C8B-9768-0A41F77FE113}.Release|Any CPU.Build.0 = Release|Any CPU
		{2E11EBC9-BED1-47E9-9491-BF4E04920132}.Debug|Any CPU.ActiveCfg = Debug|Any CPU
		{2E11EBC9-BED1-47E9-9491-BF4E04920132}.Debug|Any CPU.Build.0 = Debug|Any CPU
		{2E11EBC9-BED1-47E9-9491-BF4E04920132}.Release|Any CPU.ActiveCfg = Release|Any CPU
		{2E11EBC9-BED1-47E9-9491-BF4E04920132}.Release|Any CPU.Build.0 = Release|Any CPU
		{DB6A19DF-7734-4895-AF82-EB84C08E2321}.Debug|Any CPU.ActiveCfg = Debug|Any CPU
		{DB6A19DF-7734-4895-AF82-EB84C08E2321}.Debug|Any CPU.Build.0 = Debug|Any CPU
		{DB6A19DF-7734-4895-AF82-EB84C08E2321}.Release|Any CPU.ActiveCfg = Release|Any CPU
		{DB6A19DF-7734-4895-AF82-EB84C08E2321}.Release|Any CPU.Build.0 = Release|Any CPU
		{C1CB36DB-6776-4E14-8179-FF14A8608961}.Debug|Any CPU.ActiveCfg = Debug|Any CPU
		{C1CB36DB-6776-4E14-8179-FF14A8608961}.Debug|Any CPU.Build.0 = Debug|Any CPU
		{C1CB36DB-6776-4E14-8179-FF14A8608961}.Release|Any CPU.ActiveCfg = Release|Any CPU
		{C1CB36DB-6776-4E14-8179-FF14A8608961}.Release|Any CPU.Build.0 = Release|Any CPU
	EndGlobalSection
	GlobalSection(SolutionProperties) = preSolution
		HideSolutionNode = FALSE
	EndGlobalSection
	GlobalSection(ExtensibilityGlobals) = postSolution
		SolutionGuid = {098DCB93-39A8-45D7-8193-8664BA21CEF6}
	EndGlobalSection
EndGlobal
